
Microsoft Visual Studio Solution File, Format Version 12.00
# Visual Studio Version 17
VisualStudioVersion = 17.2.32616.157
MinimumVisualStudioVersion = 10.0.40219.1
Project("{FAE04EC0-301F-11D3-BF4B-00C04F79EFBC}") = "Yolo_Img_Rec", "Yolo_Img_Rec\Yolo_Img_Rec.csproj", "{55FB6885-008E-4858-B676-596D134CCA39}"
EndProject
Global
	GlobalSection(SolutionConfigurationPlatforms) = preSolution
		Debug|Any CPU = Debug|Any CPU
		Debug|x64 = Debug|x64
		Release|Any CPU = Release|Any CPU
		Release|x64 = Release|x64
	EndGlobalSection
	GlobalSection(ProjectConfigurationPlatforms) = postSolution
		{55FB6885-008E-4858-B676-596D134CCA39}.Debug|Any CPU.ActiveCfg = Debug|Any CPU
		{55FB6885-008E-4858-B676-596D134CCA39}.Debug|Any CPU.Build.0 = Debug|Any CPU
		{55FB6885-008E-4858-B676-596D134CCA39}.Debug|x64.ActiveCfg = Debug|x64
		{55FB6885-008E-4858-B676-596D134CCA39}.Debug|x64.Build.0 = Debug|x64
		{55FB6885-008E-4858-B676-596D134CCA39}.Release|Any CPU.ActiveCfg = Release|Any CPU
		{55FB6885-008E-4858-B676-596D134CCA39}.Release|Any CPU.Build.0 = Release|Any CPU
		{55FB6885-008E-4858-B676-596D134CCA39}.Release|x64.ActiveCfg = Release|x64
		{55FB6885-008E-4858-B676-596D134CCA39}.Release|x64.Build.0 = Release|x64
	EndGlobalSection
	GlobalSection(SolutionProperties) = preSolution
		HideSolutionNode = FALSE
	EndGlobalSection
	GlobalSection(ExtensibilityGlobals) = postSolution
		SolutionGuid = {3F50B767-66ED-4537-B917-E0064113FB32}
	EndGlobalSection
EndGlobal
